
Microsoft Visual Studio Solution File, Format Version 12.00
# Visual Studio Version 16
VisualStudioVersion = 16.0.31205.134
MinimumVisualStudioVersion = 10.0.40219.1
Project("{8BC9CEB8-8B4A-11D0-8D11-00A0C91BC942}") = "_all", "_prj_msvc2019\_all.vcxproj", "{D66975DB-7E59-4BE8-AD8D-C13E9B858F44}"
	ProjectSection(ProjectDependencies) = postProject
		{3825DE06-1F52-47E6-B01D-59857A33647E} = {3825DE06-1F52-47E6-B01D-59857A33647E}
		{75981B45-54AF-40FC-B310-BE1368943091} = {75981B45-54AF-40FC-B310-BE1368943091}
		{7CA03583-0724-4FED-9A9E-6651F35E42A9} = {7CA03583-0724-4FED-9A9E-6651F35E42A9}
		{44E9429A-16F8-46A3-8A34-2382214D8D60} = {44E9429A-16F8-46A3-8A34-2382214D8D60}
		{3D6DF49F-B8E5-4149-BD3B-66D02D68C200} = {3D6DF49F-B8E5-4149-BD3B-66D02D68C200}
		{001634AE-5567-412E-ACEC-6EC488026C66} = {001634AE-5567-412E-ACEC-6EC488026C66}
		{5F88E9C5-2180-4D61-ACA9-A40AC2766220} = {5F88E9C5-2180-4D61-ACA9-A40AC2766220}
		{57BE0ACB-993A-4B0B-8714-EE5714B6EA4F} = {57BE0ACB-993A-4B0B-8714-EE5714B6EA4F}
		{102914CC-76E5-4B00-A271-B9C50B312C54} = {102914CC-76E5-4B00-A271-B9C50B312C54}
		{713FF2D2-8367-4D28-B064-C27B383F34B5} = {713FF2D2-8367-4D28-B064-C27B383F34B5}
		{E45FFEE8-2B5B-4AA5-9DCE-9F217E9814EB} = {E45FFEE8-2B5B-4AA5-9DCE-9F217E9814EB}
		{5E409EED-4A41-4430-BC4C-39DF7AEB7566} = {5E409EED-4A41-4430-BC4C-39DF7AEB7566}
		{DB0E26F8-B2E1-48D9-90C8-CC4A96393F1A} = {DB0E26F8-B2E1-48D9-90C8-CC4A96393F1A}
		{BE6616F9-2BCC-43F1-91F0-A20D5A096980} = {BE6616F9-2BCC-43F1-91F0-A20D5A096980}
	EndProjectSection
EndProject
Project("{8BC9CEB8-8B4A-11D0-8D11-00A0C91BC942}") = "qt_stub", "..\umba-pretty-headers\_prj_msvc2019\qt_stub.vcxproj", "{7CA03583-0724-4FED-9A9E-6651F35E42A9}"
EndProject
Project("{8BC9CEB8-8B4A-11D0-8D11-00A0C91BC942}") = "umba-brief-scanner", "..\umba-brief-scanner\_prj_msvc2019\umba-brief-scanner.vcxproj", "{713FF2D2-8367-4D28-B064-C27B383F34B5}"
EndProject
Project("{8BC9CEB8-8B4A-11D0-8D11-00A0C91BC942}") = "umba-make-headers", "..\umba-pretty-headers\_prj_msvc2019\umba-make-headers.vcxproj", "{E45FFEE8-2B5B-4AA5-9DCE-9F217E9814EB}"
EndProject
Project("{8BC9CEB8-8B4A-11D0-8D11-00A0C91BC942}") = "umba-pretty-headers", "..\umba-pretty-headers\_prj_msvc2019\umba-pretty-headers.vcxproj", "{3825DE06-1F52-47E6-B01D-59857A33647E}"
EndProject
Project("{8BC9CEB8-8B4A-11D0-8D11-00A0C91BC942}") = "umba-subst-macros", "..\umba-subst-macros\_prj_msvc2019\umba-subst-macros.vcxproj", "{102914CC-76E5-4B00-A271-B9C50B312C54}"
EndProject
Project("{8BC9CEB8-8B4A-11D0-8D11-00A0C91BC942}") = "umba-sort-headers", "..\umba-sort-headers\_prj_msvc\umba-sort-headers.vcxproj", "{001634AE-5567-412E-ACEC-6EC488026C66}"
EndProject
Project("{8BC9CEB8-8B4A-11D0-8D11-00A0C91BC942}") = "umba-tabtool", "..\umba-tabtool\_prj_msvc\umba-tabtool.vcxproj", "{5F88E9C5-2180-4D61-ACA9-A40AC2766220}"
EndProject
Project("{8BC9CEB8-8B4A-11D0-8D11-00A0C91BC942}") = "umba-enum-gen", "..\umba-enum-gen\_prj_msvc\umba-enum-gen.vcxproj", "{44E9429A-16F8-46A3-8A34-2382214D8D60}"
EndProject
Project("{8BC9CEB8-8B4A-11D0-8D11-00A0C91BC942}") = "umba-tr", "..\umba-tr\_prj_msvc\umba-tr.vcxproj", "{3D6DF49F-B8E5-4149-BD3B-66D02D68C200}"
EndProject
Project("{8BC9CEB8-8B4A-11D0-8D11-00A0C91BC942}") = "zlib", "..\umba-2c\_prj_msvc\zlib.vcxproj", "{4AE51426-E665-4371-A392-3A1578445012}"
EndProject
Project("{8BC9CEB8-8B4A-11D0-8D11-00A0C91BC942}") = "umba-2c", "..\umba-2c\_prj_msvc\umba-2c.vcxproj", "{5E409EED-4A41-4430-BC4C-39DF7AEB7566}"
	ProjectSection(ProjectDependencies) = postProject
		{4AE51426-E665-4371-A392-3A1578445012} = {4AE51426-E665-4371-A392-3A1578445012}
	EndProjectSection
EndProject
Project("{8BC9CEB8-8B4A-11D0-8D11-00A0C91BC942}") = "umba-2rcfs", "..\umba-2c\_prj_msvc\umba-2rcfs.vcxproj", "{57BE0ACB-993A-4B0B-8714-EE5714B6EA4F}"
EndProject
Project("{8BC9CEB8-8B4A-11D0-8D11-00A0C91BC942}") = "umba-dll-proxy-gen", "..\umba-dll-proxy-gen\_prj_msvc\umba-dll-proxy-gen.vcxproj", "{BE6616F9-2BCC-43F1-91F0-A20D5A096980}"
EndProject
Project("{8BC9CEB8-8B4A-11D0-8D11-00A0C91BC942}") = "umba-md-pp", "..\umba-md-pp\_prj_msvc\umba-md-pp.vcxproj", "{DB0E26F8-B2E1-48D9-90C8-CC4A96393F1A}"
	ProjectSection(ProjectDependencies) = postProject
		{A4BD49DD-474E-4D15-BC76-6F29ED007F85} = {A4BD49DD-474E-4D15-BC76-6F29ED007F85}
	EndProjectSection
EndProject
Project("{8BC9CEB8-8B4A-11D0-8D11-00A0C91BC942}") = "umba-md-pp-view", "..\umba-md-pp\_prj_msvc\umba-md-pp-view.vcxproj", "{75981B45-54AF-40FC-B310-BE1368943091}"
	ProjectSection(ProjectDependencies) = postProject
		{A4BD49DD-474E-4D15-BC76-6F29ED007F85} = {A4BD49DD-474E-4D15-BC76-6F29ED007F85}
	EndProjectSection
EndProject
Project("{8BC9CEB8-8B4A-11D0-8D11-00A0C91BC942}") = "yaml-cpp", "..\umba-md-pp\_libs\yaml-cpp\_prj_msvc\yaml-cpp.vcxproj", "{A4BD49DD-474E-4D15-BC76-6F29ED007F85}"
EndProject
Global
	GlobalSection(SolutionConfigurationPlatforms) = preSolution
		Debug|x64 = Debug|x64
		Debug|x86 = Debug|x86
		MinSizeRel|x64 = MinSizeRel|x64
		MinSizeRel|x86 = MinSizeRel|x86
		Release|x64 = Release|x64
		Release|x86 = Release|x86
		RelWithDebInfo|x64 = RelWithDebInfo|x64
		RelWithDebInfo|x86 = RelWithDebInfo|x86
	EndGlobalSection
	GlobalSection(ProjectConfigurationPlatforms) = postSolution
		{D66975DB-7E59-4BE8-AD8D-C13E9B858F44}.Debug|x64.ActiveCfg = Debug|x64
		{D66975DB-7E59-4BE8-AD8D-C13E9B858F44}.Debug|x64.Build.0 = Debug|x64
		{D66975DB-7E59-4BE8-AD8D-C13E9B858F44}.Debug|x86.ActiveCfg = Debug|Win32
		{D66975DB-7E59-4BE8-AD8D-C13E9B858F44}.Debug|x86.Build.0 = Debug|Win32
		{D66975DB-7E59-4BE8-AD8D-C13E9B858F44}.MinSizeRel|x64.ActiveCfg = Release|x64
		{D66975DB-7E59-4BE8-AD8D-C13E9B858F44}.MinSizeRel|x64.Build.0 = Release|x64
		{D66975DB-7E59-4BE8-AD8D-C13E9B858F44}.MinSizeRel|x86.ActiveCfg = Release|Win32
		{D66975DB-7E59-4BE8-AD8D-C13E9B858F44}.MinSizeRel|x86.Build.0 = Release|Win32
		{D66975DB-7E59-4BE8-AD8D-C13E9B858F44}.Release|x64.ActiveCfg = Release|x64
		{D66975DB-7E59-4BE8-AD8D-C13E9B858F44}.Release|x64.Build.0 = Release|x64
		{D66975DB-7E59-4BE8-AD8D-C13E9B858F44}.Release|x86.ActiveCfg = Release|Win32
		{D66975DB-7E59-4BE8-AD8D-C13E9B858F44}.Release|x86.Build.0 = Release|Win32
		{D66975DB-7E59-4BE8-AD8D-C13E9B858F44}.RelWithDebInfo|x64.ActiveCfg = Release|x64
		{D66975DB-7E59-4BE8-AD8D-C13E9B858F44}.RelWithDebInfo|x64.Build.0 = Release|x64
		{D66975DB-7E59-4BE8-AD8D-C13E9B858F44}.RelWithDebInfo|x86.ActiveCfg = Release|Win32
		{D66975DB-7E59-4BE8-AD8D-C13E9B858F44}.RelWithDebInfo|x86.Build.0 = Release|Win32
		{7CA03583-0724-4FED-9A9E-6651F35E42A9}.Debug|x64.ActiveCfg = Debug|x64
		{7CA03583-0724-4FED-9A9E-6651F35E42A9}.Debug|x64.Build.0 = Debug|x64
		{7CA03583-0724-4FED-9A9E-6651F35E42A9}.Debug|x86.ActiveCfg = Debug|Win32
		{7CA03583-0724-4FED-9A9E-6651F35E42A9}.Debug|x86.Build.0 = Debug|Win32
		{7CA03583-0724-4FED-9A9E-6651F35E42A9}.MinSizeRel|x64.ActiveCfg = Release|x64
		{7CA03583-0724-4FED-9A9E-6651F35E42A9}.MinSizeRel|x64.Build.0 = Release|x64
		{7CA03583-0724-4FED-9A9E-6651F35E42A9}.MinSizeRel|x86.ActiveCfg = Release|Win32
		{7CA03583-0724-4FED-9A9E-6651F35E42A9}.MinSizeRel|x86.Build.0 = Release|Win32
		{7CA03583-0724-4FED-9A9E-6651F35E42A9}.Release|x64.ActiveCfg = Release|x64
		{7CA03583-0724-4FED-9A9E-6651F35E42A9}.Release|x64.Build.0 = Release|x64
		{7CA03583-0724-4FED-9A9E-6651F35E42A9}.Release|x86.ActiveCfg = Release|Win32
		{7CA03583-0724-4FED-9A9E-6651F35E42A9}.Release|x86.Build.0 = Release|Win32
		{7CA03583-0724-4FED-9A9E-6651F35E42A9}.RelWithDebInfo|x64.ActiveCfg = Release|x64
		{7CA03583-0724-4FED-9A9E-6651F35E42A9}.RelWithDebInfo|x64.Build.0 = Release|x64
		{7CA03583-0724-4FED-9A9E-6651F35E42A9}.RelWithDebInfo|x86.ActiveCfg = Release|Win32
		{7CA03583-0724-4FED-9A9E-6651F35E42A9}.RelWithDebInfo|x86.Build.0 = Release|Win32
		{713FF2D2-8367-4D28-B064-C27B383F34B5}.Debug|x64.ActiveCfg = Debug|x64
		{713FF2D2-8367-4D28-B064-C27B383F34B5}.Debug|x64.Build.0 = Debug|x64
		{713FF2D2-8367-4D28-B064-C27B383F34B5}.Debug|x86.ActiveCfg = Debug|Win32
		{713FF2D2-8367-4D28-B064-C27B383F34B5}.Debug|x86.Build.0 = Debug|Win32
		{713FF2D2-8367-4D28-B064-C27B383F34B5}.MinSizeRel|x64.ActiveCfg = Release|x64
		{713FF2D2-8367-4D28-B064-C27B383F34B5}.MinSizeRel|x64.Build.0 = Release|x64
		{713FF2D2-8367-4D28-B064-C27B383F34B5}.MinSizeRel|x86.ActiveCfg = Release|Win32
		{713FF2D2-8367-4D28-B064-C27B383F34B5}.MinSizeRel|x86.Build.0 = Release|Win32
		{713FF2D2-8367-4D28-B064-C27B383F34B5}.Release|x64.ActiveCfg = Release|x64
		{713FF2D2-8367-4D28-B064-C27B383F34B5}.Release|x64.Build.0 = Release|x64
		{713FF2D2-8367-4D28-B064-C27B383F34B5}.Release|x86.ActiveCfg = Release|Win32
		{713FF2D2-8367-4D28-B064-C27B383F34B5}.Release|x86.Build.0 = Release|Win32
		{713FF2D2-8367-4D28-B064-C27B383F34B5}.RelWithDebInfo|x64.ActiveCfg = Release|x64
		{713FF2D2-8367-4D28-B064-C27B383F34B5}.RelWithDebInfo|x64.Build.0 = Release|x64
		{713FF2D2-8367-4D28-B064-C27B383F34B5}.RelWithDebInfo|x86.ActiveCfg = Release|Win32
		{713FF2D2-8367-4D28-B064-C27B383F34B5}.RelWithDebInfo|x86.Build.0 = Release|Win32
		{E45FFEE8-2B5B-4AA5-9DCE-9F217E9814EB}.Debug|x64.ActiveCfg = Debug|x64
		{E45FFEE8-2B5B-4AA5-9DCE-9F217E9814EB}.Debug|x64.Build.0 = Debug|x64
		{E45FFEE8-2B5B-4AA5-9DCE-9F217E9814EB}.Debug|x86.ActiveCfg = Debug|Win32
		{E45FFEE8-2B5B-4AA5-9DCE-9F217E9814EB}.Debug|x86.Build.0 = Debug|Win32
		{E45FFEE8-2B5B-4AA5-9DCE-9F217E9814EB}.MinSizeRel|x64.ActiveCfg = Release|x64
		{E45FFEE8-2B5B-4AA5-9DCE-9F217E9814EB}.MinSizeRel|x64.Build.0 = Release|x64
		{E45FFEE8-2B5B-4AA5-9DCE-9F217E9814EB}.MinSizeRel|x86.ActiveCfg = Release|Win32
		{E45FFEE8-2B5B-4AA5-9DCE-9F217E9814EB}.MinSizeRel|x86.Build.0 = Release|Win32
		{E45FFEE8-2B5B-4AA5-9DCE-9F217E9814EB}.Release|x64.ActiveCfg = Release|x64
		{E45FFEE8-2B5B-4AA5-9DCE-9F217E9814EB}.Release|x64.Build.0 = Release|x64
		{E45FFEE8-2B5B-4AA5-9DCE-9F217E9814EB}.Release|x86.ActiveCfg = Release|Win32
		{E45FFEE8-2B5B-4AA5-9DCE-9F217E9814EB}.Release|x86.Build.0 = Release|Win32
		{E45FFEE8-2B5B-4AA5-9DCE-9F217E9814EB}.RelWithDebInfo|x64.ActiveCfg = Release|x64
		{E45FFEE8-2B5B-4AA5-9DCE-9F217E9814EB}.RelWithDebInfo|x64.Build.0 = Release|x64
		{E45FFEE8-2B5B-4AA5-9DCE-9F217E9814EB}.RelWithDebInfo|x86.ActiveCfg = Release|Win32
		{E45FFEE8-2B5B-4AA5-9DCE-9F217E9814EB}.RelWithDebInfo|x86.Build.0 = Release|Win32
		{3825DE06-1F52-47E6-B01D-59857A33647E}.Debug|x64.ActiveCfg = Debug|x64
		{3825DE06-1F52-47E6-B01D-59857A33647E}.Debug|x64.Build.0 = Debug|x64
		{3825DE06-1F52-47E6-B01D-59857A33647E}.Debug|x86.ActiveCfg = Debug|Win32
		{3825DE06-1F52-47E6-B01D-59857A33647E}.Debug|x86.Build.0 = Debug|Win32
		{3825DE06-1F52-47E6-B01D-59857A33647E}.MinSizeRel|x64.ActiveCfg = Release|x64
		{3825DE06-1F52-47E6-B01D-59857A33647E}.MinSizeRel|x64.Build.0 = Release|x64
		{3825DE06-1F52-47E6-B01D-59857A33647E}.MinSizeRel|x86.ActiveCfg = Release|Win32
		{3825DE06-1F52-47E6-B01D-59857A33647E}.MinSizeRel|x86.Build.0 = Release|Win32
		{3825DE06-1F52-47E6-B01D-59857A33647E}.Release|x64.ActiveCfg = Release|x64
		{3825DE06-1F52-47E6-B01D-59857A33647E}.Release|x64.Build.0 = Release|x64
		{3825DE06-1F52-47E6-B01D-59857A33647E}.Release|x86.ActiveCfg = Release|Win32
		{3825DE06-1F52-47E6-B01D-59857A33647E}.Release|x86.Build.0 = Release|Win32
		{3825DE06-1F52-47E6-B01D-59857A33647E}.RelWithDebInfo|x64.ActiveCfg = Release|x64
		{3825DE06-1F52-47E6-B01D-59857A33647E}.RelWithDebInfo|x64.Build.0 = Release|x64
		{3825DE06-1F52-47E6-B01D-59857A33647E}.RelWithDebInfo|x86.ActiveCfg = Release|Win32
		{3825DE06-1F52-47E6-B01D-59857A33647E}.RelWithDebInfo|x86.Build.0 = Release|Win32
		{102914CC-76E5-4B00-A271-B9C50B312C54}.Debug|x64.ActiveCfg = Debug|x64
		{102914CC-76E5-4B00-A271-B9C50B312C54}.Debug|x64.Build.0 = Debug|x64
		{102914CC-76E5-4B00-A271-B9C50B312C54}.Debug|x86.ActiveCfg = Debug|Win32
		{102914CC-76E5-4B00-A271-B9C50B312C54}.Debug|x86.Build.0 = Debug|Win32
		{102914CC-76E5-4B00-A271-B9C50B312C54}.MinSizeRel|x64.ActiveCfg = Release|x64
		{102914CC-76E5-4B00-A271-B9C50B312C54}.MinSizeRel|x64.Build.0 = Release|x64
		{102914CC-76E5-4B00-A271-B9C50B312C54}.MinSizeRel|x86.ActiveCfg = Release|Win32
		{102914CC-76E5-4B00-A271-B9C50B312C54}.MinSizeRel|x86.Build.0 = Release|Win32
		{102914CC-76E5-4B00-A271-B9C50B312C54}.Release|x64.ActiveCfg = Release|x64
		{102914CC-76E5-4B00-A271-B9C50B312C54}.Release|x64.Build.0 = Release|x64
		{102914CC-76E5-4B00-A271-B9C50B312C54}.Release|x86.ActiveCfg = Release|Win32
		{102914CC-76E5-4B00-A271-B9C50B312C54}.Release|x86.Build.0 = Release|Win32
		{102914CC-76E5-4B00-A271-B9C50B312C54}.RelWithDebInfo|x64.ActiveCfg = Release|x64
		{102914CC-76E5-4B00-A271-B9C50B312C54}.RelWithDebInfo|x64.Build.0 = Release|x64
		{102914CC-76E5-4B00-A271-B9C50B312C54}.RelWithDebInfo|x86.ActiveCfg = Release|Win32
		{102914CC-76E5-4B00-A271-B9C50B312C54}.RelWithDebInfo|x86.Build.0 = Release|Win32
		{001634AE-5567-412E-ACEC-6EC488026C66}.Debug|x64.ActiveCfg = Debug|x64
		{001634AE-5567-412E-ACEC-6EC488026C66}.Debug|x64.Build.0 = Debug|x64
		{001634AE-5567-412E-ACEC-6EC488026C66}.Debug|x86.ActiveCfg = Debug|Win32
		{001634AE-5567-412E-ACEC-6EC488026C66}.Debug|x86.Build.0 = Debug|Win32
		{001634AE-5567-412E-ACEC-6EC488026C66}.MinSizeRel|x64.ActiveCfg = MinSizeRel|x64
		{001634AE-5567-412E-ACEC-6EC488026C66}.MinSizeRel|x64.Build.0 = MinSizeRel|x64
		{001634AE-5567-412E-ACEC-6EC488026C66}.MinSizeRel|x86.ActiveCfg = MinSizeRel|x64
		{001634AE-5567-412E-ACEC-6EC488026C66}.Release|x64.ActiveCfg = Release|x64
		{001634AE-5567-412E-ACEC-6EC488026C66}.Release|x64.Build.0 = Release|x64
		{001634AE-5567-412E-ACEC-6EC488026C66}.Release|x86.ActiveCfg = Release|Win32
		{001634AE-5567-412E-ACEC-6EC488026C66}.Release|x86.Build.0 = Release|Win32
		{001634AE-5567-412E-ACEC-6EC488026C66}.RelWithDebInfo|x64.ActiveCfg = RelWithDebInfo|Win32
		{001634AE-5567-412E-ACEC-6EC488026C66}.RelWithDebInfo|x86.ActiveCfg = RelWithDebInfo|Win32
		{001634AE-5567-412E-ACEC-6EC488026C66}.RelWithDebInfo|x86.Build.0 = RelWithDebInfo|Win32
		{5F88E9C5-2180-4D61-ACA9-A40AC2766220}.Debug|x64.ActiveCfg = Debug|x64
		{5F88E9C5-2180-4D61-ACA9-A40AC2766220}.Debug|x64.Build.0 = Debug|x64
		{5F88E9C5-2180-4D61-ACA9-A40AC2766220}.Debug|x86.ActiveCfg = Debug|Win32
		{5F88E9C5-2180-4D61-ACA9-A40AC2766220}.Debug|x86.Build.0 = Debug|Win32
		{5F88E9C5-2180-4D61-ACA9-A40AC2766220}.MinSizeRel|x64.ActiveCfg = MinSizeRel|x64
		{5F88E9C5-2180-4D61-ACA9-A40AC2766220}.MinSizeRel|x64.Build.0 = MinSizeRel|x64
		{5F88E9C5-2180-4D61-ACA9-A40AC2766220}.MinSizeRel|x86.ActiveCfg = MinSizeRel|x64
		{5F88E9C5-2180-4D61-ACA9-A40AC2766220}.Release|x64.ActiveCfg = Release|x64
		{5F88E9C5-2180-4D61-ACA9-A40AC2766220}.Release|x64.Build.0 = Release|x64
		{5F88E9C5-2180-4D61-ACA9-A40AC2766220}.Release|x86.ActiveCfg = Release|Win32
		{5F88E9C5-2180-4D61-ACA9-A40AC2766220}.Release|x86.Build.0 = Release|Win32
		{5F88E9C5-2180-4D61-ACA9-A40AC2766220}.RelWithDebInfo|x64.ActiveCfg = RelWithDebInfo|Win32
		{5F88E9C5-2180-4D61-ACA9-A40AC2766220}.RelWithDebInfo|x86.ActiveCfg = RelWithDebInfo|Win32
		{5F88E9C5-2180-4D61-ACA9-A40AC2766220}.RelWithDebInfo|x86.Build.0 = RelWithDebInfo|Win32
		{44E9429A-16F8-46A3-8A34-2382214D8D60}.Debug|x64.ActiveCfg = Debug|x64
		{44E9429A-16F8-46A3-8A34-2382214D8D60}.Debug|x64.Build.0 = Debug|x64
		{44E9429A-16F8-46A3-8A34-2382214D8D60}.Debug|x86.ActiveCfg = Debug|Win32
		{44E9429A-16F8-46A3-8A34-2382214D8D60}.Debug|x86.Build.0 = Debug|Win32
		{44E9429A-16F8-46A3-8A34-2382214D8D60}.MinSizeRel|x64.ActiveCfg = MinSizeRel|x64
		{44E9429A-16F8-46A3-8A34-2382214D8D60}.MinSizeRel|x64.Build.0 = MinSizeRel|x64
		{44E9429A-16F8-46A3-8A34-2382214D8D60}.MinSizeRel|x86.ActiveCfg = MinSizeRel|x64
		{44E9429A-16F8-46A3-8A34-2382214D8D60}.Release|x64.ActiveCfg = Release|x64
		{44E9429A-16F8-46A3-8A34-2382214D8D60}.Release|x64.Build.0 = Release|x64
		{44E9429A-16F8-46A3-8A34-2382214D8D60}.Release|x86.ActiveCfg = Release|Win32
		{44E9429A-16F8-46A3-8A34-2382214D8D60}.Release|x86.Build.0 = Release|Win32
		{44E9429A-16F8-46A3-8A34-2382214D8D60}.RelWithDebInfo|x64.ActiveCfg = RelWithDebInfo|Win32
		{44E9429A-16F8-46A3-8A34-2382214D8D60}.RelWithDebInfo|x86.ActiveCfg = RelWithDebInfo|Win32
		{44E9429A-16F8-46A3-8A34-2382214D8D60}.RelWithDebInfo|x86.Build.0 = RelWithDebInfo|Win32
		{3D6DF49F-B8E5-4149-BD3B-66D02D68C200}.Debug|x64.ActiveCfg = Debug|x64
		{3D6DF49F-B8E5-4149-BD3B-66D02D68C200}.Debug|x64.Build.0 = Debug|x64
		{3D6DF49F-B8E5-4149-BD3B-66D02D68C200}.Debug|x86.ActiveCfg = Debug|Win32
		{3D6DF49F-B8E5-4149-BD3B-66D02D68C200}.Debug|x86.Build.0 = Debug|Win32
		{3D6DF49F-B8E5-4149-BD3B-66D02D68C200}.MinSizeRel|x64.ActiveCfg = MinSizeRel|x64
		{3D6DF49F-B8E5-4149-BD3B-66D02D68C200}.MinSizeRel|x64.Build.0 = MinSizeRel|x64
		{3D6DF49F-B8E5-4149-BD3B-66D02D68C200}.MinSizeRel|x86.ActiveCfg = MinSizeRel|x64
		{3D6DF49F-B8E5-4149-BD3B-66D02D68C200}.Release|x64.ActiveCfg = Release|x64
		{3D6DF49F-B8E5-4149-BD3B-66D02D68C200}.Release|x64.Build.0 = Release|x64
		{3D6DF49F-B8E5-4149-BD3B-66D02D68C200}.Release|x86.ActiveCfg = Release|Win32
		{3D6DF49F-B8E5-4149-BD3B-66D02D68C200}.Release|x86.Build.0 = Release|Win32
		{3D6DF49F-B8E5-4149-BD3B-66D02D68C200}.RelWithDebInfo|x64.ActiveCfg = RelWithDebInfo|Win32
		{3D6DF49F-B8E5-4149-BD3B-66D02D68C200}.RelWithDebInfo|x86.ActiveCfg = RelWithDebInfo|Win32
		{3D6DF49F-B8E5-4149-BD3B-66D02D68C200}.RelWithDebInfo|x86.Build.0 = RelWithDebInfo|Win32
		{4AE51426-E665-4371-A392-3A1578445012}.Debug|x64.ActiveCfg = Debug|x64
		{4AE51426-E665-4371-A392-3A1578445012}.Debug|x64.Build.0 = Debug|x64
		{4AE51426-E665-4371-A392-3A1578445012}.Debug|x86.ActiveCfg = Debug|Win32
		{4AE51426-E665-4371-A392-3A1578445012}.Debug|x86.Build.0 = Debug|Win32
		{4AE51426-E665-4371-A392-3A1578445012}.MinSizeRel|x64.ActiveCfg = MinSizeRel|x64
		{4AE51426-E665-4371-A392-3A1578445012}.MinSizeRel|x64.Build.0 = MinSizeRel|x64
		{4AE51426-E665-4371-A392-3A1578445012}.MinSizeRel|x86.ActiveCfg = MinSizeRel|x64
		{4AE51426-E665-4371-A392-3A1578445012}.Release|x64.ActiveCfg = Release|x64
		{4AE51426-E665-4371-A392-3A1578445012}.Release|x64.Build.0 = Release|x64
		{4AE51426-E665-4371-A392-3A1578445012}.Release|x86.ActiveCfg = Release|Win32
		{4AE51426-E665-4371-A392-3A1578445012}.Release|x86.Build.0 = Release|Win32
		{4AE51426-E665-4371-A392-3A1578445012}.RelWithDebInfo|x64.ActiveCfg = RelWithDebInfo|Win32
		{4AE51426-E665-4371-A392-3A1578445012}.RelWithDebInfo|x86.ActiveCfg = RelWithDebInfo|Win32
		{4AE51426-E665-4371-A392-3A1578445012}.RelWithDebInfo|x86.Build.0 = RelWithDebInfo|Win32
		{5E409EED-4A41-4430-BC4C-39DF7AEB7566}.Debug|x64.ActiveCfg = Debug|x64
		{5E409EED-4A41-4430-BC4C-39DF7AEB7566}.Debug|x64.Build.0 = Debug|x64
		{5E409EED-4A41-4430-BC4C-39DF7AEB7566}.Debug|x86.ActiveCfg = Debug|Win32
		{5E409EED-4A41-4430-BC4C-39DF7AEB7566}.Debug|x86.Build.0 = Debug|Win32
		{5E409EED-4A41-4430-BC4C-39DF7AEB7566}.MinSizeRel|x64.ActiveCfg = MinSizeRel|x64
		{5E409EED-4A41-4430-BC4C-39DF7AEB7566}.MinSizeRel|x64.Build.0 = MinSizeRel|x64
		{5E409EED-4A41-4430-BC4C-39DF7AEB7566}.MinSizeRel|x86.ActiveCfg = MinSizeRel|x64
		{5E409EED-4A41-4430-BC4C-39DF7AEB7566}.Release|x64.ActiveCfg = Release|x64
		{5E409EED-4A41-4430-BC4C-39DF7AEB7566}.Release|x64.Build.0 = Release|x64
		{5E409EED-4A41-4430-BC4C-39DF7AEB7566}.Release|x86.ActiveCfg = Release|Win32
		{5E409EED-4A41-4430-BC4C-39DF7AEB7566}.Release|x86.Build.0 = Release|Win32
		{5E409EED-4A41-4430-BC4C-39DF7AEB7566}.RelWithDebInfo|x64.ActiveCfg = RelWithDebInfo|Win32
		{5E409EED-4A41-4430-BC4C-39DF7AEB7566}.RelWithDebInfo|x86.ActiveCfg = RelWithDebInfo|Win32
		{5E409EED-4A41-4430-BC4C-39DF7AEB7566}.RelWithDebInfo|x86.Build.0 = RelWithDebInfo|Win32
		{57BE0ACB-993A-4B0B-8714-EE5714B6EA4F}.Debug|x64.ActiveCfg = Debug|x64
		{57BE0ACB-993A-4B0B-8714-EE5714B6EA4F}.Debug|x64.Build.0 = Debug|x64
		{57BE0ACB-993A-4B0B-8714-EE5714B6EA4F}.Debug|x86.ActiveCfg = Debug|Win32
		{57BE0ACB-993A-4B0B-8714-EE5714B6EA4F}.Debug|x86.Build.0 = Debug|Win32
		{57BE0ACB-993A-4B0B-8714-EE5714B6EA4F}.MinSizeRel|x64.ActiveCfg = MinSizeRel|x64
		{57BE0ACB-993A-4B0B-8714-EE5714B6EA4F}.MinSizeRel|x64.Build.0 = MinSizeRel|x64
		{57BE0ACB-993A-4B0B-8714-EE5714B6EA4F}.MinSizeRel|x86.ActiveCfg = MinSizeRel|x64
		{57BE0ACB-993A-4B0B-8714-EE5714B6EA4F}.Release|x64.ActiveCfg = Release|x64
		{57BE0ACB-993A-4B0B-8714-EE5714B6EA4F}.Release|x64.Build.0 = Release|x64
		{57BE0ACB-993A-4B0B-8714-EE5714B6EA4F}.Release|x86.ActiveCfg = Release|Win32
		{57BE0ACB-993A-4B0B-8714-EE5714B6EA4F}.Release|x86.Build.0 = Release|Win32
		{57BE0ACB-993A-4B0B-8714-EE5714B6EA4F}.RelWithDebInfo|x64.ActiveCfg = RelWithDebInfo|Win32
		{57BE0ACB-993A-4B0B-8714-EE5714B6EA4F}.RelWithDebInfo|x86.ActiveCfg = RelWithDebInfo|Win32
		{57BE0ACB-993A-4B0B-8714-EE5714B6EA4F}.RelWithDebInfo|x86.Build.0 = RelWithDebInfo|Win32
		{BE6616F9-2BCC-43F1-91F0-A20D5A096980}.Debug|x64.ActiveCfg = Debug|x64
		{BE6616F9-2BCC-43F1-91F0-A20D5A096980}.Debug|x64.Build.0 = Debug|x64
		{BE6616F9-2BCC-43F1-91F0-A20D5A096980}.Debug|x86.ActiveCfg = Debug|Win32
		{BE6616F9-2BCC-43F1-91F0-A20D5A096980}.Debug|x86.Build.0 = Debug|Win32
		{BE6616F9-2BCC-43F1-91F0-A20D5A096980}.MinSizeRel|x64.ActiveCfg = MinSizeRel|x64
		{BE6616F9-2BCC-43F1-91F0-A20D5A096980}.MinSizeRel|x64.Build.0 = MinSizeRel|x64
		{BE6616F9-2BCC-43F1-91F0-A20D5A096980}.MinSizeRel|x86.ActiveCfg = MinSizeRel|x64
		{BE6616F9-2BCC-43F1-91F0-A20D5A096980}.Release|x64.ActiveCfg = Release|x64
		{BE6616F9-2BCC-43F1-91F0-A20D5A096980}.Release|x64.Build.0 = Release|x64
		{BE6616F9-2BCC-43F1-91F0-A20D5A096980}.Release|x86.ActiveCfg = Release|Win32
		{BE6616F9-2BCC-43F1-91F0-A20D5A096980}.Release|x86.Build.0 = Release|Win32
		{BE6616F9-2BCC-43F1-91F0-A20D5A096980}.RelWithDebInfo|x64.ActiveCfg = RelWithDebInfo|Win32
		{BE6616F9-2BCC-43F1-91F0-A20D5A096980}.RelWithDebInfo|x86.ActiveCfg = RelWithDebInfo|Win32
		{BE6616F9-2BCC-43F1-91F0-A20D5A096980}.RelWithDebInfo|x86.Build.0 = RelWithDebInfo|Win32
		{DB0E26F8-B2E1-48D9-90C8-CC4A96393F1A}.Debug|x64.ActiveCfg = Debug|x64
		{DB0E26F8-B2E1-48D9-90C8-CC4A96393F1A}.Debug|x64.Build.0 = Debug|x64
		{DB0E26F8-B2E1-48D9-90C8-CC4A96393F1A}.Debug|x86.ActiveCfg = Debug|Win32
		{DB0E26F8-B2E1-48D9-90C8-CC4A96393F1A}.Debug|x86.Build.0 = Debug|Win32
		{DB0E26F8-B2E1-48D9-90C8-CC4A96393F1A}.MinSizeRel|x64.ActiveCfg = MinSizeRel|x64
		{DB0E26F8-B2E1-48D9-90C8-CC4A96393F1A}.MinSizeRel|x64.Build.0 = MinSizeRel|x64
		{DB0E26F8-B2E1-48D9-90C8-CC4A96393F1A}.MinSizeRel|x86.ActiveCfg = MinSizeRel|x64
		{DB0E26F8-B2E1-48D9-90C8-CC4A96393F1A}.Release|x64.ActiveCfg = Release|x64
		{DB0E26F8-B2E1-48D9-90C8-CC4A96393F1A}.Release|x64.Build.0 = Release|x64
		{DB0E26F8-B2E1-48D9-90C8-CC4A96393F1A}.Release|x86.ActiveCfg = Release|Win32
		{DB0E26F8-B2E1-48D9-90C8-CC4A96393F1A}.Release|x86.Build.0 = Release|Win32
		{DB0E26F8-B2E1-48D9-90C8-CC4A96393F1A}.RelWithDebInfo|x64.ActiveCfg = RelWithDebInfo|Win32
		{DB0E26F8-B2E1-48D9-90C8-CC4A96393F1A}.RelWithDebInfo|x86.ActiveCfg = RelWithDebInfo|Win32
		{DB0E26F8-B2E1-48D9-90C8-CC4A96393F1A}.RelWithDebInfo|x86.Build.0 = RelWithDebInfo|Win32
		{75981B45-54AF-40FC-B310-BE1368943091}.Debug|x64.ActiveCfg = Debug|x64
		{75981B45-54AF-40FC-B310-BE1368943091}.Debug|x64.Build.0 = Debug|x64
		{75981B45-54AF-40FC-B310-BE1368943091}.Debug|x86.ActiveCfg = Debug|Win32
		{75981B45-54AF-40FC-B310-BE1368943091}.Debug|x86.Build.0 = Debug|Win32
		{75981B45-54AF-40FC-B310-BE1368943091}.MinSizeRel|x64.ActiveCfg = MinSizeRel|x64
		{75981B45-54AF-40FC-B310-BE1368943091}.MinSizeRel|x64.Build.0 = MinSizeRel|x64
		{75981B45-54AF-40FC-B310-BE1368943091}.MinSizeRel|x86.ActiveCfg = MinSizeRel|x64
		{75981B45-54AF-40FC-B310-BE1368943091}.Release|x64.ActiveCfg = Release|x64
		{75981B45-54AF-40FC-B310-BE1368943091}.Release|x64.Build.0 = Release|x64
		{75981B45-54AF-40FC-B310-BE1368943091}.Release|x86.ActiveCfg = Release|Win32
		{75981B45-54AF-40FC-B310-BE1368943091}.Release|x86.Build.0 = Release|Win32
		{75981B45-54AF-40FC-B310-BE1368943091}.RelWithDebInfo|x64.ActiveCfg = RelWithDebInfo|Win32
		{75981B45-54AF-40FC-B310-BE1368943091}.RelWithDebInfo|x86.ActiveCfg = RelWithDebInfo|Win32
		{75981B45-54AF-40FC-B310-BE1368943091}.RelWithDebInfo|x86.Build.0 = RelWithDebInfo|Win32
		{A4BD49DD-474E-4D15-BC76-6F29ED007F85}.Debug|x64.ActiveCfg = Debug|x64
		{A4BD49DD-474E-4D15-BC76-6F29ED007F85}.Debug|x64.Build.0 = Debug|x64
		{A4BD49DD-474E-4D15-BC76-6F29ED007F85}.Debug|x86.ActiveCfg = Debug|Win32
		{A4BD49DD-474E-4D15-BC76-6F29ED007F85}.Debug|x86.Build.0 = Debug|Win32
		{A4BD49DD-474E-4D15-BC76-6F29ED007F85}.MinSizeRel|x64.ActiveCfg = MinSizeRel|x64
		{A4BD49DD-474E-4D15-BC76-6F29ED007F85}.MinSizeRel|x64.Build.0 = MinSizeRel|x64
		{A4BD49DD-474E-4D15-BC76-6F29ED007F85}.MinSizeRel|x86.ActiveCfg = MinSizeRel|x64
		{A4BD49DD-474E-4D15-BC76-6F29ED007F85}.Release|x64.ActiveCfg = Release|x64
		{A4BD49DD-474E-4D15-BC76-6F29ED007F85}.Release|x64.Build.0 = Release|x64
		{A4BD49DD-474E-4D15-BC76-6F29ED007F85}.Release|x86.ActiveCfg = Release|Win32
		{A4BD49DD-474E-4D15-BC76-6F29ED007F85}.Release|x86.Build.0 = Release|Win32
		{A4BD49DD-474E-4D15-BC76-6F29ED007F85}.RelWithDebInfo|x64.ActiveCfg = RelWithDebInfo|Win32
		{A4BD49DD-474E-4D15-BC76-6F29ED007F85}.RelWithDebInfo|x86.ActiveCfg = RelWithDebInfo|Win32
		{A4BD49DD-474E-4D15-BC76-6F29ED007F85}.RelWithDebInfo|x86.Build.0 = RelWithDebInfo|Win32
	EndGlobalSection
	GlobalSection(SolutionProperties) = preSolution
		HideSolutionNode = FALSE
	EndGlobalSection
	GlobalSection(ExtensibilityGlobals) = postSolution
		SolutionGuid = {CE1BF3EB-540A-4D14-AC85-49BDF232EE8A}
	EndGlobalSection
EndGlobal
